// !$*UTF8*$!
{
	archiveVersion = 1;
	classes = {
	};
	objectVersion = 50;
	objects = {

/* Begin PBXBuildFile section */
		08E16254250A21610075BBE3 /* AppDelegate.swift in Sources */ = {isa = PBXBuildFile; fileRef = 08E16253250A21610075BBE3 /* AppDelegate.swift */; };
		08E16256250A21610075BBE3 /* SceneDelegate.swift in Sources */ = {isa = PBXBuildFile; fileRef = 08E16255250A21610075BBE3 /* SceneDelegate.swift */; };
		08E16258250A21610075BBE3 /* ViewController.swift in Sources */ = {isa = PBXBuildFile; fileRef = 08E16257250A21610075BBE3 /* ViewController.swift */; };
		08E1625B250A21610075BBE3 /* Main.storyboard in Resources */ = {isa = PBXBuildFile; fileRef = 08E16259250A21610075BBE3 /* Main.storyboard */; };
		08E1625D250A21640075BBE3 /* Assets.xcassets in Resources */ = {isa = PBXBuildFile; fileRef = 08E1625C250A21640075BBE3 /* Assets.xcassets */; };
		08E16260250A21640075BBE3 /* LaunchScreen.storyboard in Resources */ = {isa = PBXBuildFile; fileRef = 08E1625E250A21640075BBE3 /* LaunchScreen.storyboard */; };
		08E16268250A24DC0075BBE3 /* 0_space.jpg in Resources */ = {isa = PBXBuildFile; fileRef = 08E16267250A24DC0075BBE3 /* 0_space.jpg */; };
		08E1626A250A24E30075BBE3 /* 1_earth.jpg in Resources */ = {isa = PBXBuildFile; fileRef = 08E16269250A24E30075BBE3 /* 1_earth.jpg */; };
		08E1626C250A24E60075BBE3 /* 2_urbanarea.jpg in Resources */ = {isa = PBXBuildFile; fileRef = 08E1626B250A24E60075BBE3 /* 2_urbanarea.jpg */; };
		08E1626E250A24EA0075BBE3 /* 3_nightview.jpg in Resources */ = {isa = PBXBuildFile; fileRef = 08E1626D250A24EA0075BBE3 /* 3_nightview.jpg */; };
		08E16270250B72960075BBE3 /* ResultViewController.swift in Sources */ = {isa = PBXBuildFile; fileRef = 08E1626F250B72960075BBE3 /* ResultViewController.swift */; };
/* End PBXBuildFile section */

/* Begin PBXFileReference section */
		08E16250250A21610075BBE3 /* SlideshowApp.app */ = {isa = PBXFileReference; explicitFileType = wrapper.application; includeInIndex = 0; path = SlideshowApp.app; sourceTree = BUILT_PRODUCTS_DIR; };
		08E16253250A21610075BBE3 /* AppDelegate.swift */ = {isa = PBXFileReference; lastKnownFileType = sourcecode.swift; path = AppDelegate.swift; sourceTree = "<group>"; };
		08E16255250A21610075BBE3 /* SceneDelegate.swift */ = {isa = PBXFileReference; lastKnownFileType = sourcecode.swift; path = SceneDelegate.swift; sourceTree = "<group>"; };
		08E16257250A21610075BBE3 /* ViewController.swift */ = {isa = PBXFileReference; lastKnownFileType = sourcecode.swift; path = ViewController.swift; sourceTree = "<group>"; };
		08E1625A250A21610075BBE3 /* Base */ = {isa = PBXFileReference; lastKnownFileType = file.storyboard; name = Base; path = Base.lproj/Main.storyboard; sourceTree = "<group>"; };
		08E1625C250A21640075BBE3 /* Assets.xcassets */ = {isa = PBXFileReference; lastKnownFileType = folder.assetcatalog; path = Assets.xcassets; sourceTree = "<group>"; };
		08E1625F250A21640075BBE3 /* Base */ = {isa = PBXFileReference; lastKnownFileType = file.storyboard; name = Base; path = Base.lproj/LaunchScreen.storyboard; sourceTree = "<group>"; };
		08E16261250A21640075BBE3 /* Info.plist */ = {isa = PBXFileReference; lastKnownFileType = text.plist.xml; path = Info.plist; sourceTree = "<group>"; };
		08E16267250A24DC0075BBE3 /* 0_space.jpg */ = {isa = PBXFileReference; lastKnownFileType = image.jpeg; path = 0_space.jpg; sourceTree = "<group>"; };
		08E16269250A24E30075BBE3 /* 1_earth.jpg */ = {isa = PBXFileReference; lastKnownFileType = image.jpeg; path = 1_earth.jpg; sourceTree = "<group>"; };
		08E1626B250A24E60075BBE3 /* 2_urbanarea.jpg */ = {isa = PBXFileReference; lastKnownFileType = image.jpeg; path = 2_urbanarea.jpg; sourceTree = "<group>"; };
		08E1626D250A24EA0075BBE3 /* 3_nightview.jpg */ = {isa = PBXFileReference; lastKnownFileType = image.jpeg; path = 3_nightview.jpg; sourceTree = "<group>"; };
		08E1626F250B72960075BBE3 /* ResultViewController.swift */ = {isa = PBXFileReference; lastKnownFileType = sourcecode.swift; path = ResultViewController.swift; sourceTree = "<group>"; };
/* End PBXFileReference section */

/* Begin PBXFrameworksBuildPhase section */
		08E1624D250A21610075BBE3 /* Frameworks */ = {
			isa = PBXFrameworksBuildPhase;
			buildActionMask = 2147483647;
			files = (
			);
			runOnlyForDeploymentPostprocessing = 0;
		};
/* End PBXFrameworksBuildPhase section */

/* Begin PBXGroup section */
		08E16247250A21610075BBE3 = {
			isa = PBXGroup;
			children = (
				08E16252250A21610075BBE3 /* SlideshowApp */,
				08E16251250A21610075BBE3 /* Products */,
				08E16267250A24DC0075BBE3 /* 0_space.jpg */,
				08E16269250A24E30075BBE3 /* 1_earth.jpg */,
				08E1626B250A24E60075BBE3 /* 2_urbanarea.jpg */,
				08E1626D250A24EA0075BBE3 /* 3_nightview.jpg */,
			);
			sourceTree = "<group>";
		};
		08E16251250A21610075BBE3 /* Products */ = {
			isa = PBXGroup;
			children = (
				08E16250250A21610075BBE3 /* SlideshowApp.app */,
			);
			name = Products;
			sourceTree = "<group>";
		};
		08E16252250A21610075BBE3 /* SlideshowApp */ = {
			isa = PBXGroup;
			children = (
				08E16253250A21610075BBE3 /* AppDelegate.swift */,
				08E16255250A21610075BBE3 /* SceneDelegate.swift */,
				08E16257250A21610075BBE3 /* ViewController.swift */,
				08E1626F250B72960075BBE3 /* ResultViewController.swift */,
				08E16259250A21610075BBE3 /* Main.storyboard */,
				08E1625C250A21640075BBE3 /* Assets.xcassets */,
				08E1625E250A21640075BBE3 /* LaunchScreen.storyboard */,
				08E16261250A21640075BBE3 /* Info.plist */,
			);
			path = SlideshowApp;
			sourceTree = "<group>";
		};
/* End PBXGroup section */

/* Begin PBXNativeTarget section */
		08E1624F250A21610075BBE3 /* SlideshowApp */ = {
			isa = PBXNativeTarget;
			buildConfigurationList = 08E16264250A21640075BBE3 /* Build configuration list for PBXNativeTarget "SlideshowApp" */;
			buildPhases = (
				08E1624C250A21610075BBE3 /* Sources */,
				08E1624D250A21610075BBE3 /* Frameworks */,
				08E1624E250A21610075BBE3 /* Resources */,
			);
			buildRules = (
			);
			dependencies = (
			);
			name = SlideshowApp;
			productName = SlideshowApp;
			productReference = 08E16250250A21610075BBE3 /* SlideshowApp.app */;
			productType = "com.apple.product-type.application";
		};
/* End PBXNativeTarget section */

/* Begin PBXProject section */
		08E16248250A21610075BBE3 /* Project object */ = {
			isa = PBXProject;
			attributes = {
				LastSwiftUpdateCheck = 1150;
				LastUpgradeCheck = 1150;
				ORGANIZATIONNAME = tootootooyaman;
				TargetAttributes = {
					08E1624F250A21610075BBE3 = {
						CreatedOnToolsVersion = 11.5;
					};
				};
			};
			buildConfigurationList = 08E1624B250A21610075BBE3 /* Build configuration list for PBXProject "SlideshowApp" */;
			compatibilityVersion = "Xcode 9.3";
			developmentRegion = en;
			hasScannedForEncodings = 0;
			knownRegions = (
				en,
				Base,
			);
			mainGroup = 08E16247250A21610075BBE3;
			productRefGroup = 08E16251250A21610075BBE3 /* Products */;
			projectDirPath = "";
			projectRoot = "";
			targets = (
				08E1624F250A21610075BBE3 /* SlideshowApp */,
			);
		};
/* End PBXProject section */

/* Begin PBXResourcesBuildPhase section */
		08E1624E250A21610075BBE3 /* Resources */ = {
			isa = PBXResourcesBuildPhase;
			buildActionMask = 2147483647;
			files = (
				08E1626C250A24E60075BBE3 /* 2_urbanarea.jpg in Resources */,
				08E1626E250A24EA0075BBE3 /* 3_nightview.jpg in Resources */,
				08E1626A250A24E30075BBE3 /* 1_earth.jpg in Resources */,
				08E16268250A24DC0075BBE3 /* 0_space.jpg in Resources */,
				08E16260250A21640075BBE3 /* LaunchScreen.storyboard in Resources */,
				08E1625D250A21640075BBE3 /* Assets.xcassets in Resources */,
				08E1625B250A21610075BBE3 /* Main.storyboard in Resources */,
			);
			runOnlyForDeploymentPostprocessing = 0;
		};
/* End PBXResourcesBuildPhase section */

/* Begin PBXSourcesBuildPhase section */
		08E1624C250A21610075BBE3 /* Sources */ = {
			isa = PBXSourcesBuildPhase;
			buildActionMask = 2147483647;
			files = (
				08E16258250A21610075BBE3 /* ViewController.swift in Sources */,
				08E16254250A21610075BBE3 /* AppDelegate.swift in Sources */,
				08E16256250A21610075BBE3 /* SceneDelegate.swift in Sources */,
				08E16270250B72960075BBE3 /* ResultViewController.swift in Sources */,
			);
			runOnlyForDeploymentPostprocessing = 0;
		};
/* End PBXSourcesBuildPhase section */

/* Begin PBXVariantGroup section */
		08E16259250A21610075BBE3 /* Main.storyboard */ = {
			isa = PBXVariantGroup;
			children = (
				08E1625A250A21610075BBE3 /* Base */,
			);
			name = Main.storyboard;
			sourceTree = "<group>";
		};
		08E1625E250A21640075BBE3 /* LaunchScreen.storyboard */ = {
			isa = PBXVariantGroup;
			children = (
				08E1625F250A21640075BBE3 /* Base */,
			);
			name = LaunchScreen.storyboard;
			sourceTree = "<group>";
		};
/* End PBXVariantGroup section */

/* Begin XCBuildConfiguration section */
		08E16262250A21640075BBE3 /* Debug */ = {
			isa = XCBuildConfiguration;
			buildSettings = {
				ALWAYS_SEARCH_USER_PATHS = NO;
				CLANG_ANALYZER_NONNULL = YES;
				CLANG_ANALYZER_NUMBER_OBJECT_CONVERSION = YES_AGGRESSIVE;
				CLANG_CXX_LANGUAGE_STANDARD = "gnu++14";
				CLANG_CXX_LIBRARY = "libc++";
				CLANG_ENABLE_MODULES = YES;
				CLANG_ENABLE_OBJC_ARC = YES;
				CLANG_ENABLE_OBJC_WEAK = YES;
				CLANG_WARN_BLOCK_CAPTURE_AUTORELEASING = YES;
				CLANG_WARN_BOOL_CONVERSION = YES;
				CLANG_WARN_COMMA = YES;
				CLANG_WARN_CONSTANT_CONVERSION = YES;
				CLANG_WARN_DEPRECATED_OBJC_IMPLEMENTATIONS = YES;
				CLANG_WARN_DIRECT_OBJC_ISA_USAGE = YES_ERROR;
				CLANG_WARN_DOCUMENTATION_COMMENTS = YES;
				CLANG_WARN_EMPTY_BODY = YES;
				CLANG_WARN_ENUM_CONVERSION = YES;
				CLANG_WARN_INFINITE_RECURSION = YES;
				CLANG_WARN_INT_CONVERSION = YES;
				CLANG_WARN_NON_LITERAL_NULL_CONVERSION = YES;
				CLANG_WARN_OBJC_IMPLICIT_RETAIN_SELF = YES;
				CLANG_WARN_OBJC_LITERAL_CONVERSION = YES;
				CLANG_WARN_OBJC_ROOT_CLASS = YES_ERROR;
				CLANG_WARN_RANGE_LOOP_ANALYSIS = YES;
				CLANG_WARN_STRICT_PROTOTYPES = YES;
				CLANG_WARN_SUSPICIOUS_MOVE = YES;
				CLANG_WARN_UNGUARDED_AVAILABILITY = YES_AGGRESSIVE;
				CLANG_WARN_UNREACHABLE_CODE = YES;
				CLANG_WARN__DUPLICATE_METHOD_MATCH = YES;
				COPY_PHASE_STRIP = NO;
				DEBUG_INFORMATION_FORMAT = dwarf;
				ENABLE_STRICT_OBJC_MSGSEND = YES;
				ENABLE_TESTABILITY = YES;
				GCC_C_LANGUAGE_STANDARD = gnu11;
				GCC_DYNAMIC_NO_PIC = NO;
				GCC_NO_COMMON_BLOCKS = YES;
				GCC_OPTIMIZATION_LEVEL = 0;
				GCC_PREPROCESSOR_DEFINITIONS = (
					"DEBUG=1",
					"$(inherited)",
				);
				GCC_WARN_64_TO_32_BIT_CONVERSION = YES;
				GCC_WARN_ABOUT_RETURN_TYPE = YES_ERROR;
				GCC_WARN_UNDECLARED_SELECTOR = YES;
				GCC_WARN_UNINITIALIZED_AUTOS = YES_AGGRESSIVE;
				GCC_WARN_UNUSED_FUNCTION = YES;
				GCC_WARN_UNUSED_VARIABLE = YES;
				IPHONEOS_DEPLOYMENT_TARGET = 13.5;
				MTL_ENABLE_DEBUG_INFO = INCLUDE_SOURCE;
				MTL_FAST_MATH = YES;
				ONLY_ACTIVE_ARCH = YES;
				SDKROOT = iphoneos;
				SWIFT_ACTIVE_COMPILATION_CONDITIONS = DEBUG;
				SWIFT_OPTIMIZATION_LEVEL = "-Onone";
			};
			name = Debug;
		};
		08E16263250A21640075BBE3 /* Release */ = {
			isa = XCBuildConfiguration;
			buildSettings = {
				ALWAYS_SEARCH_USER_PATHS = NO;
				CLANG_ANALYZER_NONNULL = YES;
				CLANG_ANALYZER_NUMBER_OBJECT_CONVERSION = YES_AGGRESSIVE;
				CLANG_CXX_LANGUAGE_STANDARD = "gnu++14";
				CLANG_CXX_LIBRARY = "libc++";
				CLANG_ENABLE_MODULES = YES;
				CLANG_ENABLE_OBJC_ARC = YES;
				CLANG_ENABLE_OBJC_WEAK = YES;
				CLANG_WARN_BLOCK_CAPTURE_AUTORELEASING = YES;
				CLANG_WARN_BOOL_CONVERSION = YES;
				CLANG_WARN_COMMA = YES;
				CLANG_WARN_CONSTANT_CONVERSION = YES;
				CLANG_WARN_DEPRECATED_OBJC_IMPLEMENTATIONS = YES;
				CLANG_WARN_DIRECT_OBJC_ISA_USAGE = YES_ERROR;
				CLANG_WARN_DOCUMENTATION_COMMENTS = YES;
				CLANG_WARN_EMPTY_BODY = YES;
				CLANG_WARN_ENUM_CONVERSION = YES;
				CLANG_WARN_INFINITE_RECURSION = YES;
				CLANG_WARN_INT_CONVERSION = YES;
				CLANG_WARN_NON_LITERAL_NULL_CONVERSION = YES;
				CLANG_WARN_OBJC_IMPLICIT_RETAIN_SELF = YES;
				CLANG_WARN_OBJC_LITERAL_CONVERSION = YES;
				CLANG_WARN_OBJC_ROOT_CLASS = YES_ERROR;
				CLANG_WARN_RANGE_LOOP_ANALYSIS = YES;
				CLANG_WARN_STRICT_PROTOTYPES = YES;
				CLANG_WARN_SUSPICIOUS_MOVE = YES;
				CLANG_WARN_UNGUARDED_AVAILABILITY = YES_AGGRESSIVE;
				CLANG_WARN_UNREACHABLE_CODE = YES;
				CLANG_WARN__DUPLICATE_METHOD_MATCH = YES;
				COPY_PHASE_STRIP = NO;
				DEBUG_INFORMATION_FORMAT = "dwarf-with-dsym";
				ENABLE_NS_ASSERTIONS = NO;
				ENABLE_STRICT_OBJC_MSGSEND = YES;
				GCC_C_LANGUAGE_STANDARD = gnu11;
				GCC_NO_COMMON_BLOCKS = YES;
				GCC_WARN_64_TO_32_BIT_CONVERSION = YES;
				GCC_WARN_ABOUT_RETURN_TYPE = YES_ERROR;
				GCC_WARN_UNDECLARED_SELECTOR = YES;
				GCC_WARN_UNINITIALIZED_AUTOS = YES_AGGRESSIVE;
				GCC_WARN_UNUSED_FUNCTION = YES;
				GCC_WARN_UNUSED_VARIABLE = YES;
				IPHONEOS_DEPLOYMENT_TARGET = 13.5;
				MTL_ENABLE_DEBUG_INFO = NO;
				MTL_FAST_MATH = YES;
				SDKROOT = iphoneos;
				SWIFT_COMPILATION_MODE = wholemodule;
				SWIFT_OPTIMIZATION_LEVEL = "-O";
				VALIDATE_PRODUCT = YES;
			};
			name = Release;
		};
		08E16265250A21640075BBE3 /* Debug */ = {
			isa = XCBuildConfiguration;
			buildSettings = {
				ASSETCATALOG_COMPILER_APPICON_NAME = AppIcon;
				CODE_SIGN_STYLE = Automatic;
				DEVELOPMENT_TEAM = V57LNUM6Z8;
				INFOPLIST_FILE = SlideshowApp/Info.plist;
				LD_RUNPATH_SEARCH_PATHS = (
					"$(inherited)",
					"@executable_path/Frameworks",
				);
				PRODUCT_BUNDLE_IDENTIFIER = jp.techacademy.akira.tooyama.SlideshowApp;
				PRODUCT_NAME = "$(TARGET_NAME)";
				SWIFT_VERSION = 5.0;
				TARGETED_DEVICE_FAMILY = "1,2";
			};
			name = Debug;
		};
		08E16266250A21640075BBE3 /* Release */ = {
			isa = XCBuildConfiguration;
			buildSettings = {
				ASSETCATALOG_COMPILER_APPICON_NAME = AppIcon;
				CODE_SIGN_STYLE = Automatic;
				DEVELOPMENT_TEAM = V57LNUM6Z8;
				INFOPLIST_FILE = SlideshowApp/Info.plist;
				LD_RUNPATH_SEARCH_PATHS = (
					"$(inherited)",
					"@executable_path/Frameworks",
				);
				PRODUCT_BUNDLE_IDENTIFIER = jp.techacademy.akira.tooyama.SlideshowApp;
				PRODUCT_NAME = "$(TARGET_NAME)";
				SWIFT_VERSION = 5.0;
				TARGETED_DEVICE_FAMILY = "1,2";
			};
			name = Release;
		};
/* End XCBuildConfiguration section */

/* Begin XCConfigurationList section */
		08E1624B250A21610075BBE3 /* Build configuration list for PBXProject "SlideshowApp" */ = {
			isa = XCConfigurationList;
			buildConfigurations = (
				08E16262250A21640075BBE3 /* Debug */,
				08E16263250A21640075BBE3 /* Release */,
			);
			defaultConfigurationIsVisible = 0;
			defaultConfigurationName = Release;
		};
		08E16264250A21640075BBE3 /* Build configuration list for PBXNativeTarget "SlideshowApp" */ = {
			isa = XCConfigurationList;
			buildConfigurations = (
				08E16265250A21640075BBE3 /* Debug */,
				08E16266250A21640075BBE3 /* Release */,
			);
			defaultConfigurationIsVisible = 0;
			defaultConfigurationName = Release;
		};
/* End XCConfigurationList section */
	};
	rootObject = 08E16248250A21610075BBE3 /* Project object */;
}
